
Microsoft Visual Studio Solution File, Format Version 12.00
# Visual Studio Version 17
VisualStudioVersion = 17.14.37614.0 d17.14
MinimumVisualStudioVersion = 10.0.40219.1
Project("{FAE04EC0-301F-11D3-BF4B-00C04F79EFBC}") = "Exercise 1", "Exercise 1\Exercise 1.csproj", "{DBAC2BF6-BCF2-4AFA-9EEA-F8B08BC6ED4B}"
EndProject
Global
	GlobalSection(SolutionConfigurationPlatforms) = preSolution
		Debug|Any CPU = Debug|Any CPU
		Release|Any CPU = Release|Any CPU
	EndGlobalSection
	GlobalSection(ProjectConfigurationPlatforms) = postSolution
		{DBAC2BF6-BCF2-4AFA-9EEA-F8B08BC6ED4B}.Debug|Any CPU.ActiveCfg = Debug|Any CPU
		{DBAC2BF6-BCF2-4AFA-9EEA-F8B08BC6ED4B}.Debug|Any CPU.Build.0 = Debug|Any CPU
		{DBAC2BF6-BCF2-4AFA-9EEA-F8B08BC6ED4B}.Release|Any CPU.ActiveCfg = Release|Any CPU
		{DBAC2BF6-BCF2-4AFA-9EEA-F8B08BC6ED4B}.Release|Any CPU.Build.0 = Release|Any CPU
	EndGlobalSection
	GlobalSection(SolutionProperties) = preSolution
		HideSolutionNode = FALSE
	EndGlobalSection
	GlobalSection(ExtensibilityGlobals) = postSolution
		SolutionGuid = {2619344B-D045-49EF-B18B-69867D4E7FF1}
	EndGlobalSection
EndGlobal
